
Microsoft Visual Studio Solution File, Format Version 12.00
# Visual Studio Version 16
VisualStudioVersion = 16.0.31005.135
MinimumVisualStudioVersion = 10.0.40219.1
Project("{FAE04EC0-301F-11D3-BF4B-00C04F79EFBC}") = "Desktop", "Desktop\Desktop.csproj", "{C1F8F94E-9C5D-49B5-B537-61B0D3F29527}"
EndProject
Project("{FAE04EC0-301F-11D3-BF4B-00C04F79EFBC}") = "ClassLibrary", "ClassLibrary\ClassLibrary.csproj", "{96CFC30C-F535-4145-983A-95F7F1018743}"
EndProject
Project("{FAE04EC0-301F-11D3-BF4B-00C04F79EFBC}") = "WebApplication", "WebApplication\WebApplication.csproj", "{6860B07D-49DA-479D-9343-E7EBEA0D9E19}"
EndProject
Project("{FAE04EC0-301F-11D3-BF4B-00C04F79EFBC}") = "Universal Task App", "Universal Task App\Universal Task App.csproj", "{3F31C6FA-D996-44A2-B649-8A19711FB732}"
EndProject
Global
	GlobalSection(SolutionConfigurationPlatforms) = preSolution
		Debug|Any CPU = Debug|Any CPU
		Debug|ARM = Debug|ARM
		Debug|ARM64 = Debug|ARM64
		Debug|x64 = Debug|x64
		Debug|x86 = Debug|x86
		Release|Any CPU = Release|Any CPU
		Release|ARM = Release|ARM
		Release|ARM64 = Release|ARM64
		Release|x64 = Release|x64
		Release|x86 = Release|x86
	EndGlobalSection
	GlobalSection(ProjectConfigurationPlatforms) = postSolution
		{C1F8F94E-9C5D-49B5-B537-61B0D3F29527}.Debug|Any CPU.ActiveCfg = Debug|Any CPU
		{C1F8F94E-9C5D-49B5-B537-61B0D3F29527}.Debug|Any CPU.Build.0 = Debug|Any CPU
		{C1F8F94E-9C5D-49B5-B537-61B0D3F29527}.Debug|ARM.ActiveCfg = Debug|Any CPU
		{C1F8F94E-9C5D-49B5-B537-61B0D3F29527}.Debug|ARM.Build.0 = Debug|Any CPU
		{C1F8F94E-9C5D-49B5-B537-61B0D3F29527}.Debug|ARM64.ActiveCfg = Debug|Any CPU
		{C1F8F94E-9C5D-49B5-B537-61B0D3F29527}.Debug|ARM64.Build.0 = Debug|Any CPU
		{C1F8F94E-9C5D-49B5-B537-61B0D3F29527}.Debug|x64.ActiveCfg = Debug|Any CPU
		{C1F8F94E-9C5D-49B5-B537-61B0D3F29527}.Debug|x64.Build.0 = Debug|Any CPU
		{C1F8F94E-9C5D-49B5-B537-61B0D3F29527}.Debug|x86.ActiveCfg = Debug|Any CPU
		{C1F8F94E-9C5D-49B5-B537-61B0D3F29527}.Debug|x86.Build.0 = Debug|Any CPU
		{C1F8F94E-9C5D-49B5-B537-61B0D3F29527}.Release|Any CPU.ActiveCfg = Release|Any CPU
		{C1F8F94E-9C5D-49B5-B537-61B0D3F29527}.Release|Any CPU.Build.0 = Release|Any CPU
		{C1F8F94E-9C5D-49B5-B537-61B0D3F29527}.Release|ARM.ActiveCfg = Release|Any CPU
		{C1F8F94E-9C5D-49B5-B537-61B0D3F29527}.Release|ARM.Build.0 = Release|Any CPU
		{C1F8F94E-9C5D-49B5-B537-61B0D3F29527}.Release|ARM64.ActiveCfg = Release|Any CPU
		{C1F8F94E-9C5D-49B5-B537-61B0D3F29527}.Release|ARM64.Build.0 = Release|Any CPU
		{C1F8F94E-9C5D-49B5-B537-61B0D3F29527}.Release|x64.ActiveCfg = Release|Any CPU
		{C1F8F94E-9C5D-49B5-B537-61B0D3F29527}.Release|x64.Build.0 = Release|Any CPU
		{C1F8F94E-9C5D-49B5-B537-61B0D3F29527}.Release|x86.ActiveCfg = Release|Any CPU
		{C1F8F94E-9C5D-49B5-B537-61B0D3F29527}.Release|x86.Build.0 = Release|Any CPU
		{96CFC30C-F535-4145-983A-95F7F1018743}.Debug|Any CPU.ActiveCfg = Debug|Any CPU
		{96CFC30C-F535-4145-983A-95F7F1018743}.Debug|Any CPU.Build.0 = Debug|Any CPU
		{96CFC30C-F535-4145-983A-95F7F1018743}.Debug|ARM.ActiveCfg = Debug|Any CPU
		{96CFC30C-F535-4145-983A-95F7F1018743}.Debug|ARM.Build.0 = Debug|Any CPU
		{96CFC30C-F535-4145-983A-95F7F1018743}.Debug|ARM64.ActiveCfg = Debug|Any CPU
		{96CFC30C-F535-4145-983A-95F7F1018743}.Debug|ARM64.Build.0 = Debug|Any CPU
		{96CFC30C-F535-4145-983A-95F7F1018743}.Debug|x64.ActiveCfg = Debug|Any CPU
		{96CFC30C-F535-4145-983A-95F7F1018743}.Debug|x64.Build.0 = Debug|Any CPU
		{96CFC30C-F535-4145-983A-95F7F1018743}.Debug|x86.ActiveCfg = Debug|Any CPU
		{96CFC30C-F535-4145-983A-95F7F1018743}.Debug|x86.Build.0 = Debug|Any CPU
		{96CFC30C-F535-4145-983A-95F7F1018743}.Release|Any CPU.ActiveCfg = Release|Any CPU
		{96CFC30C-F535-4145-983A-95F7F1018743}.Release|Any CPU.Build.0 = Release|Any CPU
		{96CFC30C-F535-4145-983A-95F7F1018743}.Release|ARM.ActiveCfg = Release|Any CPU
		{96CFC30C-F535-4145-983A-95F7F1018743}.Release|ARM.Build.0 = Release|Any CPU
		{96CFC30C-F535-4145-983A-95F7F1018743}.Release|ARM64.ActiveCfg = Release|Any CPU
		{96CFC30C-F535-4145-983A-95F7F1018743}.Release|ARM64.Build.0 = Release|Any CPU
		{96CFC30C-F535-4145-983A-95F7F1018743}.Release|x64.ActiveCfg = Release|Any CPU
		{96CFC30C-F535-4145-983A-95F7F1018743}.Release|x64.Build.0 = Release|Any CPU
		{96CFC30C-F535-4145-983A-95F7F1018743}.Release|x86.ActiveCfg = Release|Any CPU
		{96CFC30C-F535-4145-983A-95F7F1018743}.Release|x86.Build.0 = Release|Any CPU
		{6860B07D-49DA-479D-9343-E7EBEA0D9E19}.Debug|Any CPU.ActiveCfg = Debug|Any CPU
		{6860B07D-49DA-479D-9343-E7EBEA0D9E19}.Debug|Any CPU.Build.0 = Debug|Any CPU
		{6860B07D-49DA-479D-9343-E7EBEA0D9E19}.Debug|ARM.ActiveCfg = Debug|Any CPU
		{6860B07D-49DA-479D-9343-E7EBEA0D9E19}.Debug|ARM.Build.0 = Debug|Any CPU
		{6860B07D-49DA-479D-9343-E7EBEA0D9E19}.Debug|ARM64.ActiveCfg = Debug|Any CPU
		{6860B07D-49DA-479D-9343-E7EBEA0D9E19}.Debug|ARM64.Build.0 = Debug|Any CPU
		{6860B07D-49DA-479D-9343-E7EBEA0D9E19}.Debug|x64.ActiveCfg = Debug|Any CPU
		{6860B07D-49DA-479D-9343-E7EBEA0D9E19}.Debug|x64.Build.0 = Debug|Any CPU
		{6860B07D-49DA-479D-9343-E7EBEA0D9E19}.Debug|x86.ActiveCfg = Debug|Any CPU
		{6860B07D-49DA-479D-9343-E7EBEA0D9E19}.Debug|x86.Build.0 = Debug|Any CPU
		{6860B07D-49DA-479D-9343-E7EBEA0D9E19}.Release|Any CPU.ActiveCfg = Release|Any CPU
		{6860B07D-49DA-479D-9343-E7EBEA0D9E19}.Release|Any CPU.Build.0 = Release|Any CPU
		{6860B07D-49DA-479D-9343-E7EBEA0D9E19}.Release|ARM.ActiveCfg = Release|Any CPU
		{6860B07D-49DA-479D-9343-E7EBEA0D9E19}.Release|ARM.Build.0 = Release|Any CPU
		{6860B07D-49DA-479D-9343-E7EBEA0D9E19}.Release|ARM64.ActiveCfg = Release|Any CPU
		{6860B07D-49DA-479D-9343-E7EBEA0D9E19}.Release|ARM64.Build.0 = Release|Any CPU
		{6860B07D-49DA-479D-9343-E7EBEA0D9E19}.Release|x64.ActiveCfg = Release|Any CPU
		{6860B07D-49DA-479D-9343-E7EBEA0D9E19}.Release|x64.Build.0 = Release|Any CPU
		{6860B07D-49DA-479D-9343-E7EBEA0D9E19}.Release|x86.ActiveCfg = Release|Any CPU
		{6860B07D-49DA-479D-9343-E7EBEA0D9E19}.Release|x86.Build.0 = Release|Any CPU
		{3F31C6FA-D996-44A2-B649-8A19711FB732}.Debug|Any CPU.ActiveCfg = Debug|x86
		{3F31C6FA-D996-44A2-B649-8A19711FB732}.Debug|ARM.ActiveCfg = Debug|ARM
		{3F31C6FA-D996-44A2-B649-8A19711FB732}.Debug|ARM.Build.0 = Debug|ARM
		{3F31C6FA-D996-44A2-B649-8A19711FB732}.Debug|ARM.Deploy.0 = Debug|ARM
		{3F31C6FA-D996-44A2-B649-8A19711FB732}.Debug|ARM64.ActiveCfg = Debug|ARM64
		{3F31C6FA-D996-44A2-B649-8A19711FB732}.Debug|ARM64.Build.0 = Debug|ARM64
		{3F31C6FA-D996-44A2-B649-8A19711FB732}.Debug|ARM64.Deploy.0 = Debug|ARM64
		{3F31C6FA-D996-44A2-B649-8A19711FB732}.Debug|x64.ActiveCfg = Debug|x64
		{3F31C6FA-D996-44A2-B649-8A19711FB732}.Debug|x64.Build.0 = Debug|x64
		{3F31C6FA-D996-44A2-B649-8A19711FB732}.Debug|x64.Deploy.0 = Debug|x64
		{3F31C6FA-D996-44A2-B649-8A19711FB732}.Debug|x86.ActiveCfg = Debug|x86
		{3F31C6FA-D996-44A2-B649-8A19711FB732}.Debug|x86.Build.0 = Debug|x86
		{3F31C6FA-D996-44A2-B649-8A19711FB732}.Debug|x86.Deploy.0 = Debug|x86
		{3F31C6FA-D996-44A2-B649-8A19711FB732}.Release|Any CPU.ActiveCfg = Release|x86
		{3F31C6FA-D996-44A2-B649-8A19711FB732}.Release|ARM.ActiveCfg = Release|ARM
		{3F31C6FA-D996-44A2-B649-8A19711FB732}.Release|ARM.Build.0 = Release|ARM
		{3F31C6FA-D996-44A2-B649-8A19711FB732}.Release|ARM.Deploy.0 = Release|ARM
		{3F31C6FA-D996-44A2-B649-8A19711FB732}.Release|ARM64.ActiveCfg = Release|ARM64
		{3F31C6FA-D996-44A2-B649-8A19711FB732}.Release|ARM64.Build.0 = Release|ARM64
		{3F31C6FA-D996-44A2-B649-8A19711FB732}.Release|ARM64.Deploy.0 = Release|ARM64
		{3F31C6FA-D996-44A2-B649-8A19711FB732}.Release|x64.ActiveCfg = Release|x64
		{3F31C6FA-D996-44A2-B649-8A19711FB732}.Release|x64.Build.0 = Release|x64
		{3F31C6FA-D996-44A2-B649-8A19711FB732}.Release|x64.Deploy.0 = Release|x64
		{3F31C6FA-D996-44A2-B649-8A19711FB732}.Release|x86.ActiveCfg = Release|x86
		{3F31C6FA-D996-44A2-B649-8A19711FB732}.Release|x86.Build.0 = Release|x86
		{3F31C6FA-D996-44A2-B649-8A19711FB732}.Release|x86.Deploy.0 = Release|x86
	EndGlobalSection
	GlobalSection(SolutionProperties) = preSolution
		HideSolutionNode = FALSE
	EndGlobalSection
	GlobalSection(ExtensibilityGlobals) = postSolution
		SolutionGuid = {03C0472F-14D7-4FCD-8F0E-360DA634949E}
	EndGlobalSection
EndGlobal
